<?xml version="1.0" encoding="utf-8"?>
<Project ToolsVersion="4.0" xmlns="http://schemas.microsoft.com/developer/msbuild/2003">
  <ItemGroup>
    <Filter Include="Source Files">
      <UniqueIdentifier>{4FC737F1-C7A5-4376-A066-2A32D752A2FF}</UniqueIdentifier>
      <Extensions>cpp;c;cc;cxx;def;odl;idl;hpj;bat;asm;asmx</Extensions>
    </Filter>
    <Filter Include="Header Files">
      <UniqueIdentifier>{93995380-89BD-4b04-88EB-625FBE52EBFB}</UniqueIdentifier>
      <Extensions>h;hpp;hxx;hm;inl;inc;xsd</Extensions>
    </Filter>
    <Filter Include="Resource Files">
      <UniqueIdentifier>{67DA6AB6-F800-4c08-8B7A-83BB121AAD01}</UniqueIdentifier>
      <Extensions>rc;ico;cur;bmp;dlg;rc2;rct;bin;rgs;gif;jpg;jpeg;jpe;resx;tiff;tif;png;wav</Extensions>
    </Filter>
  </ItemGroup>
  <ItemGroup>
    <ClCompile Include="blob.cpp">
      <Filter>Source Files</Filter>
    </ClCompile>
    <ClCompile Include="bouton.cpp">
      <Filter>Source Files</Filter>
    </ClCompile>
    <ClCompile Include="bubsock.cpp">
      <Filter>Source Files</Filter>
    </ClCompile>
    <ClCompile Include="bsp.cpp">
      <Filter>Source Files</Filter>
    </ClCompile>
    <ClCompile Include="chat.cpp">
      <Filter>Source Files</Filter>
    </ClCompile>
    <ClCompile Include="config.cpp">
      <Filter>Source Files</Filter>
    </ClCompile>
    <ClCompile Include="console.cpp">
      <Filter>Source Files</Filter>
    </ClCompile>
    <ClCompile Include="cross.cpp">
      <Filter>Source Files</Filter>
    </ClCompile>
    <ClCompile Include="dsutil.cpp">
      <Filter>Source Files</Filter>
    </ClCompile>
    <ClCompile Include="dxutil.cpp">
      <Filter>Source Files</Filter>
    </ClCompile>
    <ClCompile Include="engine.cpp">
      <Filter>Source Files</Filter>
    </ClCompile>
    <ClCompile Include="Flag.cpp">
      <Filter>Source Files</Filter>
    </ClCompile>
    <ClCompile Include="font.cpp">
      <Filter>Source Files</Filter>
    </ClCompile>
    <ClCompile Include="gltga.cpp">
      <Filter>Source Files</Filter>
    </ClCompile>
    <ClCompile Include="glwin.cpp">
      <Filter>Source Files</Filter>
    </ClCompile>
    <ClCompile Include="grenade.cpp">
      <Filter>Source Files</Filter>
    </ClCompile>
    <ClCompile Include="GrenadeMan.cpp">
      <Filter>Source Files</Filter>
    </ClCompile>
    <ClCompile Include="grenadesimple.cpp">
      <Filter>Source Files</Filter>
    </ClCompile>
    <ClCompile Include="grenadesmoke.cpp">
      <Filter>Source Files</Filter>
    </ClCompile>
    <ClCompile Include="image.cpp">
      <Filter>Source Files</Filter>
    </ClCompile>
    <ClCompile Include="input_box.cpp">
      <Filter>Source Files</Filter>
    </ClCompile>
    <ClCompile Include="lazer.cpp">
      <Filter>Source Files</Filter>
    </ClCompile>
    <ClCompile Include="mark.cpp">
      <Filter>Source Files</Filter>
    </ClCompile>
    <ClCompile Include="md5.cpp">
      <Filter>Source Files</Filter>
    </ClCompile>
    <ClCompile Include="missile.cpp">
      <Filter>Source Files</Filter>
    </ClCompile>
    <ClCompile Include="Model_MDL.cpp">
      <Filter>Source Files</Filter>
    </ClCompile>
    <ClCompile Include="mp3.cpp">
      <Filter>Source Files</Filter>
    </ClCompile>
    <ClCompile Include="option_bouton.cpp">
      <Filter>Source Files</Filter>
    </ClCompile>
    <ClCompile Include="panel.cpp">
      <Filter>Source Files</Filter>
    </ClCompile>
    <ClCompile Include="particle.cpp">
      <Filter>Source Files</Filter>
    </ClCompile>
    <ClCompile Include="particleBoom.cpp">
      <Filter>Source Files</Filter>
    </ClCompile>
    <ClCompile Include="particleBurst.cpp">
      <Filter>Source Files</Filter>
    </ClCompile>
    <ClCompile Include="particleHeSmoke.cpp">
      <Filter>Source Files</Filter>
    </ClCompile>
    <ClCompile Include="particleMan.cpp">
      <Filter>Source Files</Filter>
    </ClCompile>
    <ClCompile Include="particleSimple.cpp">
      <Filter>Source Files</Filter>
    </ClCompile>
    <ClCompile Include="particleSmoke.cpp">
      <Filter>Source Files</Filter>
    </ClCompile>
    <ClCompile Include="particleTorch.cpp">
      <Filter>Source Files</Filter>
    </ClCompile>
    <ClCompile Include="PhysEnv.cpp">
      <Filter>Source Files</Filter>
    </ClCompile>
    <ClCompile Include="Pings.cpp">
      <Filter>Source Files</Filter>
    </ClCompile>
    <ClCompile Include="player.cpp">
      <Filter>Source Files</Filter>
    </ClCompile>
    <ClCompile Include="playerfile.cpp">
      <Filter>Source Files</Filter>
    </ClCompile>
    <ClCompile Include="romu.cpp">
      <Filter>Source Files</Filter>
    </ClCompile>
    <ClCompile Include="romustrike.cpp">
      <Filter>Source Files</Filter>
    </ClCompile>
    <ClCompile Include="stdafx.cpp">
      <Filter>Source Files</Filter>
    </ClCompile>
    <ClCompile Include="texMan.cpp">
      <Filter>Source Files</Filter>
    </ClCompile>
    <ClCompile Include="texture.cpp">
      <Filter>Source Files</Filter>
    </ClCompile>
    <ClCompile Include="tga.cpp">
      <Filter>Source Files</Filter>
    </ClCompile>
    <ClCompile Include="ticker.cpp">
      <Filter>Source Files</Filter>
    </ClCompile>
    <ClCompile Include="utility.cpp">
      <Filter>Source Files</Filter>
    </ClCompile>
    <ClCompile Include="vectormath.cpp">
      <Filter>Source Files</Filter>
    </ClCompile>
    <ClCompile Include="wad.cpp">
      <Filter>Source Files</Filter>
    </ClCompile>
    <ClCompile Include="world.cpp">
      <Filter>Source Files</Filter>
    </ClCompile>
    <ClCompile Include="xmlmessaging.cpp">
      <Filter>Source Files</Filter>
    </ClCompile>
    <ClCompile Include="..\3rdparty\spdlog\src\spdlog.cpp">
      <Filter>Source Files</Filter>
    </ClCompile>
    <ClCompile Include="..\3rdparty\spdlog\src\common.cpp">
      <Filter>Source Files</Filter>
    </ClCompile>
    <ClCompile Include="..\3rdparty\spdlog\src\logger.cpp">
      <Filter>Source Files</Filter>
    </ClCompile>
    <ClCompile Include="..\3rdparty\spdlog\src\pattern_formatter.cpp">
      <Filter>Source Files</Filter>
    </ClCompile>
    <ClCompile Include="..\3rdparty\spdlog\src\details\async_log_msg.cpp">
      <Filter>Source Files</Filter>
    </ClCompile>
    <ClCompile Include="..\3rdparty\spdlog\src\details\err_helper.cpp">
      <Filter>Source Files</Filter>
    </ClCompile>
    <ClCompile Include="..\3rdparty\spdlog\src\details\file_helper.cpp">
      <Filter>Source Files</Filter>
    </ClCompile>
    <ClCompile Include="..\3rdparty\spdlog\src\details\log_msg.cpp">
      <Filter>Source Files</Filter>
    </ClCompile>
    <ClCompile Include="..\3rdparty\spdlog\src\details\os_filesystem.cpp">
      <Filter>Source Files</Filter>
    </ClCompile>
    <ClCompile Include="..\3rdparty\spdlog\src\details\os_windows.cpp">
      <Filter>Source Files</Filter>
    </ClCompile>
    <ClCompile Include="..\3rdparty\spdlog\src\sinks\ansicolor_sink.cpp">
      <Filter>Source Files</Filter>
    </ClCompile>
    <ClCompile Include="..\3rdparty\spdlog\src\sinks\async_sink.cpp">
      <Filter>Source Files</Filter>
    </ClCompile>
    <ClCompile Include="..\3rdparty\spdlog\src\sinks\base_sink.cpp">
      <Filter>Source Files</Filter>
    </ClCompile>
    <ClCompile Include="..\3rdparty\spdlog\src\sinks\basic_file_sink.cpp">
      <Filter>Source Files</Filter>
    </ClCompile>
    <ClCompile Include="..\3rdparty\spdlog\src\sinks\rotating_file_sink.cpp">
      <Filter>Source Files</Filter>
    </ClCompile>
    <ClCompile Include="..\3rdparty\spdlog\src\sinks\stdout_sinks.cpp">
      <Filter>Source Files</Filter>
    </ClCompile>
    <ClCompile Include="..\3rdparty\spdlog\src\sinks\wincolor_sink.cpp">
      <Filter>Source Files</Filter>
    </ClCompile>
    <ClCompile Include="..\3rdparty\fmt\src\format.cpp">
      <Filter>Source Files</Filter>
    </ClCompile>
    <ClCompile Include="..\3rdparty\fmt\src\os.cpp">
      <Filter>Source Files</Filter>
    </ClCompile>
    <ClCompile Include="engine_ctf.cpp">
      <Filter>Source Files</Filter>
    </ClCompile>
  </ItemGroup>
  <ItemGroup>
    <ClInclude Include="bitset.h">
      <Filter>Header Files</Filter>
    </ClInclude>
    <ClInclude Include="blob.h">
      <Filter>Header Files</Filter>
    </ClInclude>
    <ClInclude Include="bouton.h">
      <Filter>Header Files</Filter>
    </ClInclude>
    <ClInclude Include="bsp.h">
      <Filter>Header Files</Filter>
    </ClInclude>
    <ClInclude Include="bubsock.h">
      <Filter>Header Files</Filter>
    </ClInclude>
    <ClInclude Include="common.h">
      <Filter>Header Files</Filter>
    </ClInclude>
    <ClInclude Include="config.h">
      <Filter>Header Files</Filter>
    </ClInclude>
    <ClInclude Include="console.h">
      <Filter>Header Files</Filter>
    </ClInclude>
    <ClInclude Include="dsutil.h">
      <Filter>Header Files</Filter>
    </ClInclude>
    <ClInclude Include="dxutil.h">
      <Filter>Header Files</Filter>
    </ClInclude>
    <ClInclude Include="engine.h">
      <Filter>Header Files</Filter>
    </ClInclude>
    <ClInclude Include="exception.h">
      <Filter>Header Files</Filter>
    </ClInclude>
    <ClInclude Include="fastmath.h">
      <Filter>Header Files</Filter>
    </ClInclude>
    <ClInclude Include="Flag.h">
      <Filter>Header Files</Filter>
    </ClInclude>
    <ClInclude Include="font.h">
      <Filter>Header Files</Filter>
    </ClInclude>
    <ClInclude Include="geom.h">
      <Filter>Header Files</Filter>
    </ClInclude>
    <ClInclude Include="glext.h">
      <Filter>Header Files</Filter>
    </ClInclude>
    <ClInclude Include="glinc.h">
      <Filter>Header Files</Filter>
    </ClInclude>
    <ClInclude Include="gltga.h">
      <Filter>Header Files</Filter>
    </ClInclude>
    <ClInclude Include="glwin.h">
      <Filter>Header Files</Filter>
    </ClInclude>
    <ClInclude Include="grenade.h">
      <Filter>Header Files</Filter>
    </ClInclude>
    <ClInclude Include="GrenadeMan.h">
      <Filter>Header Files</Filter>
    </ClInclude>
    <ClInclude Include="grenadeSimple.h">
      <Filter>Header Files</Filter>
    </ClInclude>
    <ClInclude Include="grenadesmoke.h">
      <Filter>Header Files</Filter>
    </ClInclude>
    <ClInclude Include="image.h">
      <Filter>Header Files</Filter>
    </ClInclude>
    <ClInclude Include="input_box.h">
      <Filter>Header Files</Filter>
    </ClInclude>
    <ClInclude Include="lazer.h">
      <Filter>Header Files</Filter>
    </ClInclude>
    <ClInclude Include="mark.h">
      <Filter>Header Files</Filter>
    </ClInclude>
    <ClInclude Include="matrix.h">
      <Filter>Header Files</Filter>
    </ClInclude>
    <ClInclude Include="md5.h">
      <Filter>Header Files</Filter>
    </ClInclude>
    <ClInclude Include="missile.h">
      <Filter>Header Files</Filter>
    </ClInclude>
    <ClInclude Include="Model_MDL.h">
      <Filter>Header Files</Filter>
    </ClInclude>
    <ClInclude Include="mp3.h">
      <Filter>Header Files</Filter>
    </ClInclude>
    <ClInclude Include="option_bouton.h">
      <Filter>Header Files</Filter>
    </ClInclude>
    <ClInclude Include="panel.h">
      <Filter>Header Files</Filter>
    </ClInclude>
    <ClInclude Include="particle.h">
      <Filter>Header Files</Filter>
    </ClInclude>
    <ClInclude Include="particleBoom.h">
      <Filter>Header Files</Filter>
    </ClInclude>
    <ClInclude Include="particleBurst.h">
      <Filter>Header Files</Filter>
    </ClInclude>
    <ClInclude Include="particlehesmoke.h">
      <Filter>Header Files</Filter>
    </ClInclude>
    <ClInclude Include="particleMan.h">
      <Filter>Header Files</Filter>
    </ClInclude>
    <ClInclude Include="particleSimple.h">
      <Filter>Header Files</Filter>
    </ClInclude>
    <ClInclude Include="particleSmoke.h">
      <Filter>Header Files</Filter>
    </ClInclude>
    <ClInclude Include="particleTorch.h">
      <Filter>Header Files</Filter>
    </ClInclude>
    <ClInclude Include="PhysEnv.h">
      <Filter>Header Files</Filter>
    </ClInclude>
    <ClInclude Include="pings.h">
      <Filter>Header Files</Filter>
    </ClInclude>
    <ClInclude Include="rand.h">
      <Filter>Header Files</Filter>
    </ClInclude>
    <ClInclude Include="Resource.h">
      <Filter>Header Files</Filter>
    </ClInclude>
    <ClInclude Include="romu.h">
      <Filter>Header Files</Filter>
    </ClInclude>
    <ClInclude Include="romustrike.h">
      <Filter>Header Files</Filter>
    </ClInclude>
    <ClInclude Include="son.h">
      <Filter>Header Files</Filter>
    </ClInclude>
    <ClInclude Include="stdafx.h">
      <Filter>Header Files</Filter>
    </ClInclude>
    <ClInclude Include="studio.h">
      <Filter>Header Files</Filter>
    </ClInclude>
    <ClInclude Include="texMan.h">
      <Filter>Header Files</Filter>
    </ClInclude>
    <ClInclude Include="texture.h">
      <Filter>Header Files</Filter>
    </ClInclude>
    <ClInclude Include="tga.h">
      <Filter>Header Files</Filter>
    </ClInclude>
    <ClInclude Include="ticker.h">
      <Filter>Header Files</Filter>
    </ClInclude>
    <ClInclude Include="timer.h">
      <Filter>Header Files</Filter>
    </ClInclude>
    <ClInclude Include="utility.h">
      <Filter>Header Files</Filter>
    </ClInclude>
    <ClInclude Include="vectormath.h">
      <Filter>Header Files</Filter>
    </ClInclude>
    <ClInclude Include="wad.h">
      <Filter>Header Files</Filter>
    </ClInclude>
    <ClInclude Include="world.h">
      <Filter>Header Files</Filter>
    </ClInclude>
  </ItemGroup>
  <ItemGroup>
    <Image Include="icon3.ico">
      <Filter>Resource Files</Filter>
    </Image>
    <Image Include="icon4.ico">
      <Filter>Resource Files</Filter>
    </Image>
    <Image Include="romustrike.ico">
      <Filter>Resource Files</Filter>
    </Image>
    <Image Include="small.ico">
      <Filter>Resource Files</Filter>
    </Image>
  </ItemGroup>
  <ItemGroup>
    <ResourceCompile Include="romustrike.rc">
      <Filter>Resource Files</Filter>
    </ResourceCompile>
  </ItemGroup>
  <ItemGroup>
    <Text Include="ReadMe.txt" />
  </ItemGroup>
</Project>